
Microsoft Visual Studio Solution File, Format Version 12.00
# Visual Studio Version 16
VisualStudioVersion = 16.0.31424.327
MinimumVisualStudioVersion = 10.0.40219.1
Project("{FAE04EC0-301F-11D3-BF4B-00C04F79EFBC}") = "KTApplication", "KTApplication\KTApplication.csproj", "{1DC3E45B-C3C2-4925-BA94-D265F9D9EE90}"
EndProject
Global
	GlobalSection(SolutionConfigurationPlatforms) = preSolution
		Debug|Any CPU = Debug|Any CPU
		Release|Any CPU = Release|Any CPU
	EndGlobalSection
	GlobalSection(ProjectConfigurationPlatforms) = postSolution
		{1DC3E45B-C3C2-4925-BA94-D265F9D9EE90}.Debug|Any CPU.ActiveCfg = Debug|Any CPU
		{1DC3E45B-C3C2-4925-BA94-D265F9D9EE90}.Debug|Any CPU.Build.0 = Debug|Any CPU
		{1DC3E45B-C3C2-4925-BA94-D265F9D9EE90}.Release|Any CPU.ActiveCfg = Release|Any CPU
		{1DC3E45B-C3C2-4925-BA94-D265F9D9EE90}.Release|Any CPU.Build.0 = Release|Any CPU
	EndGlobalSection
	GlobalSection(SolutionProperties) = preSolution
		HideSolutionNode = FALSE
	EndGlobalSection
	GlobalSection(ExtensibilityGlobals) = postSolution
		SolutionGuid = {01C4FFF6-6A3A-4B17-A601-8451F5291DB4}
	EndGlobalSection
EndGlobal
